{
  "name": "online-board-games",
  "version": "10.7.8.25",
  "lockfileVersion": 3,
  "requires": true,
  "packages": {
    "": {
      "name": "online-board-games",
      "version": "10.7.8.25",
      "engines": {
        "node": ">=18"
      },
      "description": "Offline and online board game collection with targeted gameplay bugfix audit."
    }
  }
}
