{
  "name": "online-board-games",
  "version": "10.7.8-17",
  "lockfileVersion": 3,
  "requires": true,
  "packages": {
    "": {
      "name": "online-board-games",
      "version": "10.7.8-17",
      "engines": {
        "node": ">=18"
      },
      "description": "Offline and online board game collection with targeted bugfix build after airhockey/quoridor audit."
    }
  }
}
